// !$*UTF8*$!
{
	archiveVersion = 1;
	classes = {
	};
	objectVersion = 50;
	objects = {

/* Begin PBXBuildFile section */
		3E21E7BD21EBDB00007991B0 /* ToDoList.xcdatamodeld in Sources */ = {isa = PBXBuildFile; fileRef = 3EE68B5A21E7210800399B48 /* ToDoList.xcdatamodeld */; };
		3EE68B3021E4C23100399B48 /* AppDelegate.swift in Sources */ = {isa = PBXBuildFile; fileRef = 3EE68B2F21E4C23100399B48 /* AppDelegate.swift */; };
		3EE68B3521E4C23100399B48 /* Main.storyboard in Resources */ = {isa = PBXBuildFile; fileRef = 3EE68B3321E4C23100399B48 /* Main.storyboard */; };
		3EE68B3A21E4C23600399B48 /* Assets.xcassets in Resources */ = {isa = PBXBuildFile; fileRef = 3EE68B3921E4C23600399B48 /* Assets.xcassets */; };
		3EE68B3D21E4C23600399B48 /* LaunchScreen.storyboard in Resources */ = {isa = PBXBuildFile; fileRef = 3EE68B3B21E4C23600399B48 /* LaunchScreen.storyboard */; };
		3EE68B4B21E4D8B500399B48 /* ToDoListViewController.swift in Sources */ = {isa = PBXBuildFile; fileRef = 3EE68B4A21E4D8B500399B48 /* ToDoListViewController.swift */; };
		3EE68B5921E71F9900399B48 /* Task.swift in Sources */ = {isa = PBXBuildFile; fileRef = 3EE68B5821E71F9900399B48 /* Task.swift */; };
		3EE68B6721E765B500399B48 /* ToDoListTests.swift in Sources */ = {isa = PBXBuildFile; fileRef = 3EE68B6621E765B500399B48 /* ToDoListTests.swift */; };
/* End PBXBuildFile section */

/* Begin PBXContainerItemProxy section */
		3EE68B6921E765B500399B48 /* PBXContainerItemProxy */ = {
			isa = PBXContainerItemProxy;
			containerPortal = 3EE68B2421E4C23100399B48 /* Project object */;
			proxyType = 1;
			remoteGlobalIDString = 3EE68B2B21E4C23100399B48;
			remoteInfo = ToDoList;
		};
/* End PBXContainerItemProxy section */

/* Begin PBXFileReference section */
		3EE68B2C21E4C23100399B48 /* ToDoList.app */ = {isa = PBXFileReference; explicitFileType = wrapper.application; includeInIndex = 0; path = ToDoList.app; sourceTree = BUILT_PRODUCTS_DIR; };
		3EE68B2F21E4C23100399B48 /* AppDelegate.swift */ = {isa = PBXFileReference; lastKnownFileType = sourcecode.swift; path = AppDelegate.swift; sourceTree = "<group>"; };
		3EE68B3421E4C23100399B48 /* Base */ = {isa = PBXFileReference; lastKnownFileType = file.storyboard; name = Base; path = Base.lproj/Main.storyboard; sourceTree = "<group>"; };
		3EE68B3921E4C23600399B48 /* Assets.xcassets */ = {isa = PBXFileReference; lastKnownFileType = folder.assetcatalog; path = Assets.xcassets; sourceTree = "<group>"; };
		3EE68B3C21E4C23600399B48 /* Base */ = {isa = PBXFileReference; lastKnownFileType = file.storyboard; name = Base; path = Base.lproj/LaunchScreen.storyboard; sourceTree = "<group>"; };
		3EE68B3E21E4C23600399B48 /* Info.plist */ = {isa = PBXFileReference; lastKnownFileType = text.plist.xml; path = Info.plist; sourceTree = "<group>"; };
		3EE68B4A21E4D8B500399B48 /* ToDoListViewController.swift */ = {isa = PBXFileReference; lastKnownFileType = sourcecode.swift; name = ToDoListViewController.swift; path = ToDoList/View/ToDoListViewController.swift; sourceTree = SOURCE_ROOT; };
		3EE68B5821E71F9900399B48 /* Task.swift */ = {isa = PBXFileReference; lastKnownFileType = sourcecode.swift; path = Task.swift; sourceTree = "<group>"; };
		3EE68B5B21E7210800399B48 /* ToDoList.xcdatamodel */ = {isa = PBXFileReference; lastKnownFileType = wrapper.xcdatamodel; path = ToDoList.xcdatamodel; sourceTree = "<group>"; };
		3EE68B6421E765B500399B48 /* ToDoListTests.xctest */ = {isa = PBXFileReference; explicitFileType = wrapper.cfbundle; includeInIndex = 0; path = ToDoListTests.xctest; sourceTree = BUILT_PRODUCTS_DIR; };
		3EE68B6621E765B500399B48 /* ToDoListTests.swift */ = {isa = PBXFileReference; lastKnownFileType = sourcecode.swift; path = ToDoListTests.swift; sourceTree = "<group>"; };
		3EE68B6821E765B500399B48 /* Info.plist */ = {isa = PBXFileReference; lastKnownFileType = text.plist.xml; path = Info.plist; sourceTree = "<group>"; };
/* End PBXFileReference section */

/* Begin PBXFrameworksBuildPhase section */
		3EE68B2921E4C23100399B48 /* Frameworks */ = {
			isa = PBXFrameworksBuildPhase;
			buildActionMask = 2147483647;
			files = (
			);
			runOnlyForDeploymentPostprocessing = 0;
		};
		3EE68B6121E765B500399B48 /* Frameworks */ = {
			isa = PBXFrameworksBuildPhase;
			buildActionMask = 2147483647;
			files = (
			);
			runOnlyForDeploymentPostprocessing = 0;
		};
/* End PBXFrameworksBuildPhase section */

/* Begin PBXGroup section */
		3EE68B2321E4C23100399B48 = {
			isa = PBXGroup;
			children = (
				3EE68B2E21E4C23100399B48 /* ToDoList */,
				3EE68B6521E765B500399B48 /* ToDoListTests */,
				3EE68B2D21E4C23100399B48 /* Products */,
			);
			sourceTree = "<group>";
		};
		3EE68B2D21E4C23100399B48 /* Products */ = {
			isa = PBXGroup;
			children = (
				3EE68B2C21E4C23100399B48 /* ToDoList.app */,
				3EE68B6421E765B500399B48 /* ToDoListTests.xctest */,
			);
			name = Products;
			sourceTree = "<group>";
		};
		3EE68B2E21E4C23100399B48 /* ToDoList */ = {
			isa = PBXGroup;
			children = (
				3EE68B4921E4C49F00399B48 /* Supporting Files */,
				3EE68B4821E4C43100399B48 /* Model */,
				3EE68B4621E4C42000399B48 /* View */,
				3EE68B4421E4C3E200399B48 /* Controller */,
			);
			path = ToDoList;
			sourceTree = "<group>";
		};
		3EE68B4421E4C3E200399B48 /* Controller */ = {
			isa = PBXGroup;
			children = (
				3EE68B4A21E4D8B500399B48 /* ToDoListViewController.swift */,
			);
			path = Controller;
			sourceTree = "<group>";
		};
		3EE68B4621E4C42000399B48 /* View */ = {
			isa = PBXGroup;
			children = (
				3EE68B3321E4C23100399B48 /* Main.storyboard */,
			);
			path = View;
			sourceTree = "<group>";
		};
		3EE68B4821E4C43100399B48 /* Model */ = {
			isa = PBXGroup;
			children = (
				3EE68B5821E71F9900399B48 /* Task.swift */,
				3EE68B5A21E7210800399B48 /* ToDoList.xcdatamodeld */,
			);
			path = Model;
			sourceTree = "<group>";
		};
		3EE68B4921E4C49F00399B48 /* Supporting Files */ = {
			isa = PBXGroup;
			children = (
				3EE68B2F21E4C23100399B48 /* AppDelegate.swift */,
				3EE68B3921E4C23600399B48 /* Assets.xcassets */,
				3EE68B3B21E4C23600399B48 /* LaunchScreen.storyboard */,
				3EE68B3E21E4C23600399B48 /* Info.plist */,
			);
			path = "Supporting Files";
			sourceTree = "<group>";
		};
		3EE68B6521E765B500399B48 /* ToDoListTests */ = {
			isa = PBXGroup;
			children = (
				3EE68B6621E765B500399B48 /* ToDoListTests.swift */,
				3EE68B6821E765B500399B48 /* Info.plist */,
			);
			path = ToDoListTests;
			sourceTree = "<group>";
		};
/* End PBXGroup section */

/* Begin PBXNativeTarget section */
		3EE68B2B21E4C23100399B48 /* ToDoList */ = {
			isa = PBXNativeTarget;
			buildConfigurationList = 3EE68B4121E4C23600399B48 /* Build configuration list for PBXNativeTarget "ToDoList" */;
			buildPhases = (
				3EE68B2821E4C23100399B48 /* Sources */,
				3EE68B2921E4C23100399B48 /* Frameworks */,
				3EE68B2A21E4C23100399B48 /* Resources */,
			);
			buildRules = (
			);
			dependencies = (
			);
			name = ToDoList;
			productName = ToDoList;
			productReference = 3EE68B2C21E4C23100399B48 /* ToDoList.app */;
			productType = "com.apple.product-type.application";
		};
		3EE68B6321E765B500399B48 /* ToDoListTests */ = {
			isa = PBXNativeTarget;
			buildConfigurationList = 3EE68B6B21E765B500399B48 /* Build configuration list for PBXNativeTarget "ToDoListTests" */;
			buildPhases = (
				3EE68B6021E765B500399B48 /* Sources */,
				3EE68B6121E765B500399B48 /* Frameworks */,
				3EE68B6221E765B500399B48 /* Resources */,
			);
			buildRules = (
			);
			dependencies = (
				3EE68B6A21E765B500399B48 /* PBXTargetDependency */,
			);
			name = ToDoListTests;
			productName = ToDoListTests;
			productReference = 3EE68B6421E765B500399B48 /* ToDoListTests.xctest */;
			productType = "com.apple.product-type.bundle.unit-test";
		};
/* End PBXNativeTarget section */

/* Begin PBXProject section */
		3EE68B2421E4C23100399B48 /* Project object */ = {
			isa = PBXProject;
			attributes = {
				LastSwiftUpdateCheck = 1000;
				LastUpgradeCheck = 1000;
				ORGANIZATIONNAME = lehuong;
				TargetAttributes = {
					3EE68B2B21E4C23100399B48 = {
						CreatedOnToolsVersion = 10.0;
					};
					3EE68B6321E765B500399B48 = {
						CreatedOnToolsVersion = 10.0;
						TestTargetID = 3EE68B2B21E4C23100399B48;
					};
				};
			};
			buildConfigurationList = 3EE68B2721E4C23100399B48 /* Build configuration list for PBXProject "ToDoList" */;
			compatibilityVersion = "Xcode 9.3";
			developmentRegion = en;
			hasScannedForEncodings = 0;
			knownRegions = (
				en,
				Base,
			);
			mainGroup = 3EE68B2321E4C23100399B48;
			productRefGroup = 3EE68B2D21E4C23100399B48 /* Products */;
			projectDirPath = "";
			projectRoot = "";
			targets = (
				3EE68B2B21E4C23100399B48 /* ToDoList */,
				3EE68B6321E765B500399B48 /* ToDoListTests */,
			);
		};
/* End PBXProject section */

/* Begin PBXResourcesBuildPhase section */
		3EE68B2A21E4C23100399B48 /* Resources */ = {
			isa = PBXResourcesBuildPhase;
			buildActionMask = 2147483647;
			files = (
				3EE68B3D21E4C23600399B48 /* LaunchScreen.storyboard in Resources */,
				3EE68B3A21E4C23600399B48 /* Assets.xcassets in Resources */,
				3EE68B3521E4C23100399B48 /* Main.storyboard in Resources */,
			);
			runOnlyForDeploymentPostprocessing = 0;
		};
		3EE68B6221E765B500399B48 /* Resources */ = {
			isa = PBXResourcesBuildPhase;
			buildActionMask = 2147483647;
			files = (
			);
			runOnlyForDeploymentPostprocessing = 0;
		};
/* End PBXResourcesBuildPhase section */

/* Begin PBXSourcesBuildPhase section */
		3EE68B2821E4C23100399B48 /* Sources */ = {
			isa = PBXSourcesBuildPhase;
			buildActionMask = 2147483647;
			files = (
				3EE68B4B21E4D8B500399B48 /* ToDoListViewController.swift in Sources */,
				3EE68B5921E71F9900399B48 /* Task.swift in Sources */,
				3EE68B3021E4C23100399B48 /* AppDelegate.swift in Sources */,
				3E21E7BD21EBDB00007991B0 /* ToDoList.xcdatamodeld in Sources */,
			);
			runOnlyForDeploymentPostprocessing = 0;
		};
		3EE68B6021E765B500399B48 /* Sources */ = {
			isa = PBXSourcesBuildPhase;
			buildActionMask = 2147483647;
			files = (
				3EE68B6721E765B500399B48 /* ToDoListTests.swift in Sources */,
			);
			runOnlyForDeploymentPostprocessing = 0;
		};
/* End PBXSourcesBuildPhase section */

/* Begin PBXTargetDependency section */
		3EE68B6A21E765B500399B48 /* PBXTargetDependency */ = {
			isa = PBXTargetDependency;
			target = 3EE68B2B21E4C23100399B48 /* ToDoList */;
			targetProxy = 3EE68B6921E765B500399B48 /* PBXContainerItemProxy */;
		};
/* End PBXTargetDependency section */

/* Begin PBXVariantGroup section */
		3EE68B3321E4C23100399B48 /* Main.storyboard */ = {
			isa = PBXVariantGroup;
			children = (
				3EE68B3421E4C23100399B48 /* Base */,
			);
			name = Main.storyboard;
			sourceTree = "<group>";
		};
		3EE68B3B21E4C23600399B48 /* LaunchScreen.storyboard */ = {
			isa = PBXVariantGroup;
			children = (
				3EE68B3C21E4C23600399B48 /* Base */,
			);
			name = LaunchScreen.storyboard;
			sourceTree = "<group>";
		};
/* End PBXVariantGroup section */

/* Begin XCBuildConfiguration section */
		3EE68B3F21E4C23600399B48 /* Debug */ = {
			isa = XCBuildConfiguration;
			buildSettings = {
				ALWAYS_SEARCH_USER_PATHS = NO;
				CLANG_ANALYZER_NONNULL = YES;
				CLANG_ANALYZER_NUMBER_OBJECT_CONVERSION = YES_AGGRESSIVE;
				CLANG_CXX_LANGUAGE_STANDARD = "gnu++14";
				CLANG_CXX_LIBRARY = "libc++";
				CLANG_ENABLE_MODULES = YES;
				CLANG_ENABLE_OBJC_ARC = YES;
				CLANG_ENABLE_OBJC_WEAK = YES;
				CLANG_WARN_BLOCK_CAPTURE_AUTORELEASING = YES;
				CLANG_WARN_BOOL_CONVERSION = YES;
				CLANG_WARN_COMMA = YES;
				CLANG_WARN_CONSTANT_CONVERSION = YES;
				CLANG_WARN_DEPRECATED_OBJC_IMPLEMENTATIONS = YES;
				CLANG_WARN_DIRECT_OBJC_ISA_USAGE = YES_ERROR;
				CLANG_WARN_DOCUMENTATION_COMMENTS = YES;
				CLANG_WARN_EMPTY_BODY = YES;
				CLANG_WARN_ENUM_CONVERSION = YES;
				CLANG_WARN_INFINITE_RECURSION = YES;
				CLANG_WARN_INT_CONVERSION = YES;
				CLANG_WARN_NON_LITERAL_NULL_CONVERSION = YES;
				CLANG_WARN_OBJC_IMPLICIT_RETAIN_SELF = YES;
				CLANG_WARN_OBJC_LITERAL_CONVERSION = YES;
				CLANG_WARN_OBJC_ROOT_CLASS = YES_ERROR;
				CLANG_WARN_RANGE_LOOP_ANALYSIS = YES;
				CLANG_WARN_STRICT_PROTOTYPES = YES;
				CLANG_WARN_SUSPICIOUS_MOVE = YES;
				CLANG_WARN_UNGUARDED_AVAILABILITY = YES_AGGRESSIVE;
				CLANG_WARN_UNREACHABLE_CODE = YES;
				CLANG_WARN__DUPLICATE_METHOD_MATCH = YES;
				CODE_SIGN_IDENTITY = "iPhone Developer";
				COPY_PHASE_STRIP = NO;
				DEBUG_INFORMATION_FORMAT = dwarf;
				ENABLE_STRICT_OBJC_MSGSEND = YES;
				ENABLE_TESTABILITY = YES;
				GCC_C_LANGUAGE_STANDARD = gnu11;
				GCC_DYNAMIC_NO_PIC = NO;
				GCC_NO_COMMON_BLOCKS = YES;
				GCC_OPTIMIZATION_LEVEL = 0;
				GCC_PREPROCESSOR_DEFINITIONS = (
					"DEBUG=1",
					"$(inherited)",
				);
				GCC_WARN_64_TO_32_BIT_CONVERSION = YES;
				GCC_WARN_ABOUT_RETURN_TYPE = YES_ERROR;
				GCC_WARN_UNDECLARED_SELECTOR = YES;
				GCC_WARN_UNINITIALIZED_AUTOS = YES_AGGRESSIVE;
				GCC_WARN_UNUSED_FUNCTION = YES;
				GCC_WARN_UNUSED_VARIABLE = YES;
				IPHONEOS_DEPLOYMENT_TARGET = 12.0;
				MTL_ENABLE_DEBUG_INFO = INCLUDE_SOURCE;
				MTL_FAST_MATH = YES;
				ONLY_ACTIVE_ARCH = YES;
				SDKROOT = iphoneos;
				SWIFT_ACTIVE_COMPILATION_CONDITIONS = DEBUG;
				SWIFT_OPTIMIZATION_LEVEL = "-Onone";
			};
			name = Debug;
		};
		3EE68B4021E4C23600399B48 /* Release */ = {
			isa = XCBuildConfiguration;
			buildSettings = {
				ALWAYS_SEARCH_USER_PATHS = NO;
				CLANG_ANALYZER_NONNULL = YES;
				CLANG_ANALYZER_NUMBER_OBJECT_CONVERSION = YES_AGGRESSIVE;
				CLANG_CXX_LANGUAGE_STANDARD = "gnu++14";
				CLANG_CXX_LIBRARY = "libc++";
				CLANG_ENABLE_MODULES = YES;
				CLANG_ENABLE_OBJC_ARC = YES;
				CLANG_ENABLE_OBJC_WEAK = YES;
				CLANG_WARN_BLOCK_CAPTURE_AUTORELEASING = YES;
				CLANG_WARN_BOOL_CONVERSION = YES;
				CLANG_WARN_COMMA = YES;
				CLANG_WARN_CONSTANT_CONVERSION = YES;
				CLANG_WARN_DEPRECATED_OBJC_IMPLEMENTATIONS = YES;
				CLANG_WARN_DIRECT_OBJC_ISA_USAGE = YES_ERROR;
				CLANG_WARN_DOCUMENTATION_COMMENTS = YES;
				CLANG_WARN_EMPTY_BODY = YES;
				CLANG_WARN_ENUM_CONVERSION = YES;
				CLANG_WARN_INFINITE_RECURSION = YES;
				CLANG_WARN_INT_CONVERSION = YES;
				CLANG_WARN_NON_LITERAL_NULL_CONVERSION = YES;
				CLANG_WARN_OBJC_IMPLICIT_RETAIN_SELF = YES;
				CLANG_WARN_OBJC_LITERAL_CONVERSION = YES;
				CLANG_WARN_OBJC_ROOT_CLASS = YES_ERROR;
				CLANG_WARN_RANGE_LOOP_ANALYSIS = YES;
				CLANG_WARN_STRICT_PROTOTYPES = YES;
				CLANG_WARN_SUSPICIOUS_MOVE = YES;
				CLANG_WARN_UNGUARDED_AVAILABILITY = YES_AGGRESSIVE;
				CLANG_WARN_UNREACHABLE_CODE = YES;
				CLANG_WARN__DUPLICATE_METHOD_MATCH = YES;
				CODE_SIGN_IDENTITY = "iPhone Developer";
				COPY_PHASE_STRIP = NO;
				DEBUG_INFORMATION_FORMAT = "dwarf-with-dsym";
				ENABLE_NS_ASSERTIONS = NO;
				ENABLE_STRICT_OBJC_MSGSEND = YES;
				GCC_C_LANGUAGE_STANDARD = gnu11;
				GCC_NO_COMMON_BLOCKS = YES;
				GCC_WARN_64_TO_32_BIT_CONVERSION = YES;
				GCC_WARN_ABOUT_RETURN_TYPE = YES_ERROR;
				GCC_WARN_UNDECLARED_SELECTOR = YES;
				GCC_WARN_UNINITIALIZED_AUTOS = YES_AGGRESSIVE;
				GCC_WARN_UNUSED_FUNCTION = YES;
				GCC_WARN_UNUSED_VARIABLE = YES;
				IPHONEOS_DEPLOYMENT_TARGET = 12.0;
				MTL_ENABLE_DEBUG_INFO = NO;
				MTL_FAST_MATH = YES;
				SDKROOT = iphoneos;
				SWIFT_COMPILATION_MODE = wholemodule;
				SWIFT_OPTIMIZATION_LEVEL = "-O";
				VALIDATE_PRODUCT = YES;
			};
			name = Release;
		};
		3EE68B4221E4C23600399B48 /* Debug */ = {
			isa = XCBuildConfiguration;
			buildSettings = {
				ASSETCATALOG_COMPILER_APPICON_NAME = AppIcon;
				CODE_SIGN_STYLE = Automatic;
				DEVELOPMENT_TEAM = N5532B5YAX;
				INFOPLIST_FILE = "ToDoList/Supporting Files/Info.plist";
				LD_RUNPATH_SEARCH_PATHS = (
					"$(inherited)",
					"@executable_path/Frameworks",
				);
				PRODUCT_BUNDLE_IDENTIFIER = com.lehuong.ToDoList;
				PRODUCT_NAME = "$(TARGET_NAME)";
				SWIFT_VERSION = 4.2;
				TARGETED_DEVICE_FAMILY = "1,2";
			};
			name = Debug;
		};
		3EE68B4321E4C23600399B48 /* Release */ = {
			isa = XCBuildConfiguration;
			buildSettings = {
				ASSETCATALOG_COMPILER_APPICON_NAME = AppIcon;
				CODE_SIGN_STYLE = Automatic;
				DEVELOPMENT_TEAM = N5532B5YAX;
				INFOPLIST_FILE = "ToDoList/Supporting Files/Info.plist";
				LD_RUNPATH_SEARCH_PATHS = (
					"$(inherited)",
					"@executable_path/Frameworks",
				);
				PRODUCT_BUNDLE_IDENTIFIER = com.lehuong.ToDoList;
				PRODUCT_NAME = "$(TARGET_NAME)";
				SWIFT_VERSION = 4.2;
				TARGETED_DEVICE_FAMILY = "1,2";
			};
			name = Release;
		};
		3EE68B6C21E765B500399B48 /* Debug */ = {
			isa = XCBuildConfiguration;
			buildSettings = {
				BUNDLE_LOADER = "$(TEST_HOST)";
				CODE_SIGN_STYLE = Automatic;
				DEVELOPMENT_TEAM = N5532B5YAX;
				INFOPLIST_FILE = ToDoListTests/Info.plist;
				LD_RUNPATH_SEARCH_PATHS = (
					"$(inherited)",
					"@executable_path/Frameworks",
					"@loader_path/Frameworks",
				);
				PRODUCT_BUNDLE_IDENTIFIER = com.lehuong.ToDoListTests;
				PRODUCT_NAME = "$(TARGET_NAME)";
				SWIFT_VERSION = 4.2;
				TARGETED_DEVICE_FAMILY = "1,2";
				TEST_HOST = "$(BUILT_PRODUCTS_DIR)/ToDoList.app/ToDoList";
			};
			name = Debug;
		};
		3EE68B6D21E765B500399B48 /* Release */ = {
			isa = XCBuildConfiguration;
			buildSettings = {
				BUNDLE_LOADER = "$(TEST_HOST)";
				CODE_SIGN_STYLE = Automatic;
				DEVELOPMENT_TEAM = N5532B5YAX;
				INFOPLIST_FILE = ToDoListTests/Info.plist;
				LD_RUNPATH_SEARCH_PATHS = (
					"$(inherited)",
					"@executable_path/Frameworks",
					"@loader_path/Frameworks",
				);
				PRODUCT_BUNDLE_IDENTIFIER = com.lehuong.ToDoListTests;
				PRODUCT_NAME = "$(TARGET_NAME)";
				SWIFT_VERSION = 4.2;
				TARGETED_DEVICE_FAMILY = "1,2";
				TEST_HOST = "$(BUILT_PRODUCTS_DIR)/ToDoList.app/ToDoList";
			};
			name = Release;
		};
/* End XCBuildConfiguration section */

/* Begin XCConfigurationList section */
		3EE68B2721E4C23100399B48 /* Build configuration list for PBXProject "ToDoList" */ = {
			isa = XCConfigurationList;
			buildConfigurations = (
				3EE68B3F21E4C23600399B48 /* Debug */,
				3EE68B4021E4C23600399B48 /* Release */,
			);
			defaultConfigurationIsVisible = 0;
			defaultConfigurationName = Release;
		};
		3EE68B4121E4C23600399B48 /* Build configuration list for PBXNativeTarget "ToDoList" */ = {
			isa = XCConfigurationList;
			buildConfigurations = (
				3EE68B4221E4C23600399B48 /* Debug */,
				3EE68B4321E4C23600399B48 /* Release */,
			);
			defaultConfigurationIsVisible = 0;
			defaultConfigurationName = Release;
		};
		3EE68B6B21E765B500399B48 /* Build configuration list for PBXNativeTarget "ToDoListTests" */ = {
			isa = XCConfigurationList;
			buildConfigurations = (
				3EE68B6C21E765B500399B48 /* Debug */,
				3EE68B6D21E765B500399B48 /* Release */,
			);
			defaultConfigurationIsVisible = 0;
			defaultConfigurationName = Release;
		};
/* End XCConfigurationList section */

/* Begin XCVersionGroup section */
		3EE68B5A21E7210800399B48 /* ToDoList.xcdatamodeld */ = {
			isa = XCVersionGroup;
			children = (
				3EE68B5B21E7210800399B48 /* ToDoList.xcdatamodel */,
			);
			currentVersion = 3EE68B5B21E7210800399B48 /* ToDoList.xcdatamodel */;
			path = ToDoList.xcdatamodeld;
			sourceTree = "<group>";
			versionGroupType = wrapper.xcdatamodel;
		};
/* End XCVersionGroup section */
	};
	rootObject = 3EE68B2421E4C23100399B48 /* Project object */;
}
